{
  "originHash" : "60ceab590c3445702546ea3b87a55617b0eb95b7ae98eac5d46c91d5f1a463b4",
  "pins" : [
    {
      "identity" : "kingfisher",
      "kind" : "remoteSourceControl",
      "location" : "https://github.com/onevcat/Kingfisher",
      "state" : {
        "revision" : "8648fe649c5d62be38721110f835821906e9242a",
        "version" : "8.13.0"
      }
    },
    {
      "identity" : "rxagentsdk",
      "kind" : "remoteSourceControl",
      "location" : "https://github.com/rxtech-lab/RxAgentSDK",
      "state" : {
        "revision" : "15cd2bde13eef44e9fa02e1c7197ba771ad6e53e",
        "version" : "1.0.8"
      }
    },
    {
      "identity" : "rxauthswift",
      "kind" : "remoteSourceControl",
      "location" : "https://github.com/rxtech-lab/RxAuthSwift",
      "state" : {
        "revision" : "c917e47df83292b9f4d6d03a80218d33da8f4886",
        "version" : "1.3.1"
      }
    },
    {
      "identity" : "rxsubscriptionios",
      "kind" : "remoteSourceControl",
      "location" : "https://github.com/rxtech-lab/RxSubscriptionIOS",
      "state" : {
        "revision" : "cae18f034945030f1c513830f174f9f77b524ec3",
        "version" : "1.2.0"
      }
    },
    {
      "identity" : "sparkle",
      "kind" : "remoteSourceControl",
      "location" : "https://github.com/sparkle-project/Sparkle",
      "state" : {
        "revision" : "eef1a539a373c1f1a320624b1130fc5de7b2e100",
        "version" : "2.10.0"
      }
    },
    {
      "identity" : "swift-log",
      "kind" : "remoteSourceControl",
      "location" : "https://github.com/apple/swift-log.git",
      "state" : {
        "revision" : "9c6fb14227f55d8f711ce3847dc2f419fb0ecacb",
        "version" : "1.15.1"
      }
    },
    {
      "identity" : "swiftdraw",
      "kind" : "remoteSourceControl",
      "location" : "https://github.com/swhitty/SwiftDraw.git",
      "state" : {
        "revision" : "82699f4bdf2f075793cfa0d392eb27c59b41a3fe",
        "version" : "0.29.0"
      }
    }
  ],
  "version" : 3
}
